
Microsoft Visual Studio Solution File, Format Version 12.00
# Visual Studio Version 17
VisualStudioVersion = 17.10.35122.118
MinimumVisualStudioVersion = 10.0.40219.1
Project("{9A19103F-16F7-4668-BE54-9A1E7A4F7556}") = "miPrimerApp", "miPrimerApp\miPrimerApp.csproj", "{315C02C1-CC37-41D9-AB8F-3A55FAFDDE5D}"
EndProject
Project("{9A19103F-16F7-4668-BE54-9A1E7A4F7556}") = "CalcularSueldo", "CalcularSueldo\CalcularSueldo.csproj", "{B4B03380-8B65-43E0-A625-9B6FEB8C369A}"
EndProject
Project("{9A19103F-16F7-4668-BE54-9A1E7A4F7556}") = "CalcularNota", "CalcularNota\CalcularNota.csproj", "{A5A3ABFE-C94C-4AF4-99F1-F1838C2B1101}"
EndProject
Project("{9A19103F-16F7-4668-BE54-9A1E7A4F7556}") = "CalcularBuclesFor", "CalcularBuclesFor\CalcularBuclesFor.csproj", "{8B8172FE-8CDA-4E7E-A245-001ED7BE9D89}"
EndProject
Project("{9A19103F-16F7-4668-BE54-9A1E7A4F7556}") = "CalcularLotePiezas", "CalcularLotePiezas\CalcularLotePiezas.csproj", "{B69F2414-837E-46F8-ADEC-8463DF740342}"
EndProject
Project("{9A19103F-16F7-4668-BE54-9A1E7A4F7556}") = "CalcularBaseTriangulo", "CalcularBaseTriangulo\CalcularBaseTriangulo.csproj", "{BD1C8A54-5873-44F0-B1B8-7BAFDB57BD1C}"
EndProject
Project("{9A19103F-16F7-4668-BE54-9A1E7A4F7556}") = "CalcularSueldoEmpleados", "CalcularSueldoEmpleados\CalcularSueldoEmpleados.csproj", "{4C392889-644E-40AD-90A7-5E424E97B5C6}"
EndProject
Project("{9A19103F-16F7-4668-BE54-9A1E7A4F7556}") = "PracticaArrays", "PracticaArrays\PracticaArrays.csproj", "{759B5305-CB05-4B82-AB75-642A33E3154E}"
EndProject
Project("{9A19103F-16F7-4668-BE54-9A1E7A4F7556}") = "EjemplosResumenArrays", "EjemplosResumenArrays\EjemplosResumenArrays.csproj", "{045434DA-CEA9-42E4-A187-B4378FF44DC7}"
EndProject
Project("{9A19103F-16F7-4668-BE54-9A1E7A4F7556}") = "ProgramaArray1", "ProgramaArray1\ProgramaArray1.csproj", "{8EA1488D-F483-4181-A34D-3291C5742BA2}"
EndProject
Project("{9A19103F-16F7-4668-BE54-9A1E7A4F7556}") = "CasoEstudio1", "CasoEstudio1\CasoEstudio1.csproj", "{952FE354-FCC9-4186-8F31-B750CEBB03C5}"
EndProject
Project("{9A19103F-16F7-4668-BE54-9A1E7A4F7556}") = "ReferenciaArreglo", "ReferenciaArreglo\ReferenciaArreglo.csproj", "{07C5CCFF-6F75-4FD5-8508-DB0DBFB18E09}"
EndProject
Project("{9A19103F-16F7-4668-BE54-9A1E7A4F7556}") = "PasoDeArreglos", "PasoDeArreglos\PasoDeArreglos.csproj", "{A19782B3-B404-4FE5-861B-C8E3EF0314ED}"
EndProject
Project("{9A19103F-16F7-4668-BE54-9A1E7A4F7556}") = "LibroCalificaciones", "LibroCalificaciones\LibroCalificaciones.csproj", "{761B4410-CDE0-415B-AFA6-5B2F161E27C1}"
EndProject
Project("{FAE04EC0-301F-11D3-BF4B-00C04F79EFBC}") = "ATM", "ATM\ATM.csproj", "{63B3ED18-9354-4F4A-9DA4-40842DEDC52B}"
EndProject
Global
	GlobalSection(SolutionConfigurationPlatforms) = preSolution
		Debug|Any CPU = Debug|Any CPU
		Release|Any CPU = Release|Any CPU
	EndGlobalSection
	GlobalSection(ProjectConfigurationPlatforms) = postSolution
		{315C02C1-CC37-41D9-AB8F-3A55FAFDDE5D}.Debug|Any CPU.ActiveCfg = Debug|Any CPU
		{315C02C1-CC37-41D9-AB8F-3A55FAFDDE5D}.Debug|Any CPU.Build.0 = Debug|Any CPU
		{315C02C1-CC37-41D9-AB8F-3A55FAFDDE5D}.Release|Any CPU.ActiveCfg = Release|Any CPU
		{315C02C1-CC37-41D9-AB8F-3A55FAFDDE5D}.Release|Any CPU.Build.0 = Release|Any CPU
		{B4B03380-8B65-43E0-A625-9B6FEB8C369A}.Debug|Any CPU.ActiveCfg = Debug|Any CPU
		{B4B03380-8B65-43E0-A625-9B6FEB8C369A}.Debug|Any CPU.Build.0 = Debug|Any CPU
		{B4B03380-8B65-43E0-A625-9B6FEB8C369A}.Release|Any CPU.ActiveCfg = Release|Any CPU
		{B4B03380-8B65-43E0-A625-9B6FEB8C369A}.Release|Any CPU.Build.0 = Release|Any CPU
		{A5A3ABFE-C94C-4AF4-99F1-F1838C2B1101}.Debug|Any CPU.ActiveCfg = Debug|Any CPU
		{A5A3ABFE-C94C-4AF4-99F1-F1838C2B1101}.Debug|Any CPU.Build.0 = Debug|Any CPU
		{A5A3ABFE-C94C-4AF4-99F1-F1838C2B1101}.Release|Any CPU.ActiveCfg = Release|Any CPU
		{A5A3ABFE-C94C-4AF4-99F1-F1838C2B1101}.Release|Any CPU.Build.0 = Release|Any CPU
		{8B8172FE-8CDA-4E7E-A245-001ED7BE9D89}.Debug|Any CPU.ActiveCfg = Debug|Any CPU
		{8B8172FE-8CDA-4E7E-A245-001ED7BE9D89}.Debug|Any CPU.Build.0 = Debug|Any CPU
		{8B8172FE-8CDA-4E7E-A245-001ED7BE9D89}.Release|Any CPU.ActiveCfg = Release|Any CPU
		{8B8172FE-8CDA-4E7E-A245-001ED7BE9D89}.Release|Any CPU.Build.0 = Release|Any CPU
		{B69F2414-837E-46F8-ADEC-8463DF740342}.Debug|Any CPU.ActiveCfg = Debug|Any CPU
		{B69F2414-837E-46F8-ADEC-8463DF740342}.Debug|Any CPU.Build.0 = Debug|Any CPU
		{B69F2414-837E-46F8-ADEC-8463DF740342}.Release|Any CPU.ActiveCfg = Release|Any CPU
		{B69F2414-837E-46F8-ADEC-8463DF740342}.Release|Any CPU.Build.0 = Release|Any CPU
		{BD1C8A54-5873-44F0-B1B8-7BAFDB57BD1C}.Debug|Any CPU.ActiveCfg = Debug|Any CPU
		{BD1C8A54-5873-44F0-B1B8-7BAFDB57BD1C}.Debug|Any CPU.Build.0 = Debug|Any CPU
		{BD1C8A54-5873-44F0-B1B8-7BAFDB57BD1C}.Release|Any CPU.ActiveCfg = Release|Any CPU
		{BD1C8A54-5873-44F0-B1B8-7BAFDB57BD1C}.Release|Any CPU.Build.0 = Release|Any CPU
		{4C392889-644E-40AD-90A7-5E424E97B5C6}.Debug|Any CPU.ActiveCfg = Debug|Any CPU
		{4C392889-644E-40AD-90A7-5E424E97B5C6}.Debug|Any CPU.Build.0 = Debug|Any CPU
		{4C392889-644E-40AD-90A7-5E424E97B5C6}.Release|Any CPU.ActiveCfg = Release|Any CPU
		{4C392889-644E-40AD-90A7-5E424E97B5C6}.Release|Any CPU.Build.0 = Release|Any CPU
		{759B5305-CB05-4B82-AB75-642A33E3154E}.Debug|Any CPU.ActiveCfg = Debug|Any CPU
		{759B5305-CB05-4B82-AB75-642A33E3154E}.Debug|Any CPU.Build.0 = Debug|Any CPU
		{759B5305-CB05-4B82-AB75-642A33E3154E}.Release|Any CPU.ActiveCfg = Release|Any CPU
		{759B5305-CB05-4B82-AB75-642A33E3154E}.Release|Any CPU.Build.0 = Release|Any CPU
		{045434DA-CEA9-42E4-A187-B4378FF44DC7}.Debug|Any CPU.ActiveCfg = Debug|Any CPU
		{045434DA-CEA9-42E4-A187-B4378FF44DC7}.Debug|Any CPU.Build.0 = Debug|Any CPU
		{045434DA-CEA9-42E4-A187-B4378FF44DC7}.Release|Any CPU.ActiveCfg = Release|Any CPU
		{045434DA-CEA9-42E4-A187-B4378FF44DC7}.Release|Any CPU.Build.0 = Release|Any CPU
		{8EA1488D-F483-4181-A34D-3291C5742BA2}.Debug|Any CPU.ActiveCfg = Debug|Any CPU
		{8EA1488D-F483-4181-A34D-3291C5742BA2}.Debug|Any CPU.Build.0 = Debug|Any CPU
		{8EA1488D-F483-4181-A34D-3291C5742BA2}.Release|Any CPU.ActiveCfg = Release|Any CPU
		{8EA1488D-F483-4181-A34D-3291C5742BA2}.Release|Any CPU.Build.0 = Release|Any CPU
		{952FE354-FCC9-4186-8F31-B750CEBB03C5}.Debug|Any CPU.ActiveCfg = Debug|Any CPU
		{952FE354-FCC9-4186-8F31-B750CEBB03C5}.Debug|Any CPU.Build.0 = Debug|Any CPU
		{952FE354-FCC9-4186-8F31-B750CEBB03C5}.Release|Any CPU.ActiveCfg = Release|Any CPU
		{952FE354-FCC9-4186-8F31-B750CEBB03C5}.Release|Any CPU.Build.0 = Release|Any CPU
		{07C5CCFF-6F75-4FD5-8508-DB0DBFB18E09}.Debug|Any CPU.ActiveCfg = Debug|Any CPU
		{07C5CCFF-6F75-4FD5-8508-DB0DBFB18E09}.Debug|Any CPU.Build.0 = Debug|Any CPU
		{07C5CCFF-6F75-4FD5-8508-DB0DBFB18E09}.Release|Any CPU.ActiveCfg = Release|Any CPU
		{07C5CCFF-6F75-4FD5-8508-DB0DBFB18E09}.Release|Any CPU.Build.0 = Release|Any CPU
		{A19782B3-B404-4FE5-861B-C8E3EF0314ED}.Debug|Any CPU.ActiveCfg = Debug|Any CPU
		{A19782B3-B404-4FE5-861B-C8E3EF0314ED}.Debug|Any CPU.Build.0 = Debug|Any CPU
		{A19782B3-B404-4FE5-861B-C8E3EF0314ED}.Release|Any CPU.ActiveCfg = Release|Any CPU
		{A19782B3-B404-4FE5-861B-C8E3EF0314ED}.Release|Any CPU.Build.0 = Release|Any CPU
		{761B4410-CDE0-415B-AFA6-5B2F161E27C1}.Debug|Any CPU.ActiveCfg = Debug|Any CPU
		{761B4410-CDE0-415B-AFA6-5B2F161E27C1}.Debug|Any CPU.Build.0 = Debug|Any CPU
		{761B4410-CDE0-415B-AFA6-5B2F161E27C1}.Release|Any CPU.ActiveCfg = Release|Any CPU
		{761B4410-CDE0-415B-AFA6-5B2F161E27C1}.Release|Any CPU.Build.0 = Release|Any CPU
		{63B3ED18-9354-4F4A-9DA4-40842DEDC52B}.Debug|Any CPU.ActiveCfg = Debug|Any CPU
		{63B3ED18-9354-4F4A-9DA4-40842DEDC52B}.Debug|Any CPU.Build.0 = Debug|Any CPU
		{63B3ED18-9354-4F4A-9DA4-40842DEDC52B}.Release|Any CPU.ActiveCfg = Release|Any CPU
		{63B3ED18-9354-4F4A-9DA4-40842DEDC52B}.Release|Any CPU.Build.0 = Release|Any CPU
	EndGlobalSection
	GlobalSection(SolutionProperties) = preSolution
		HideSolutionNode = FALSE
	EndGlobalSection
	GlobalSection(ExtensibilityGlobals) = postSolution
		SolutionGuid = {2A17436B-74F5-4757-97A3-C2A462D0934E}
	EndGlobalSection
EndGlobal
