
Microsoft Visual Studio Solution File, Format Version 12.00
# Visual Studio Version 17
VisualStudioVersion = 17.10.35122.118
MinimumVisualStudioVersion = 10.0.40219.1
Project("{9A19103F-16F7-4668-BE54-9A1E7A4F7556}") = "miPrimerApp", "miPrimerApp\miPrimerApp.csproj", "{315C02C1-CC37-41D9-AB8F-3A55FAFDDE5D}"
EndProject
Project("{9A19103F-16F7-4668-BE54-9A1E7A4F7556}") = "CalcularSueldo", "CalcularSueldo\CalcularSueldo.csproj", "{B4B03380-8B65-43E0-A625-9B6FEB8C369A}"
EndProject
Project("{9A19103F-16F7-4668-BE54-9A1E7A4F7556}") = "CalcularNota", "CalcularNota\CalcularNota.csproj", "{A5A3ABFE-C94C-4AF4-99F1-F1838C2B1101}"
EndProject
Project("{FAE04EC0-301F-11D3-BF4B-00C04F79EFBC}") = "CalcularBuclesFor", "CalcularBuclesFor\CalcularBuclesFor.csproj", "{8B8172FE-8CDA-4E7E-A245-001ED7BE9D89}"
EndProject
Global
	GlobalSection(SolutionConfigurationPlatforms) = preSolution
		Debug|Any CPU = Debug|Any CPU
		Release|Any CPU = Release|Any CPU
	EndGlobalSection
	GlobalSection(ProjectConfigurationPlatforms) = postSolution
		{315C02C1-CC37-41D9-AB8F-3A55FAFDDE5D}.Debug|Any CPU.ActiveCfg = Debug|Any CPU
		{315C02C1-CC37-41D9-AB8F-3A55FAFDDE5D}.Debug|Any CPU.Build.0 = Debug|Any CPU
		{315C02C1-CC37-41D9-AB8F-3A55FAFDDE5D}.Release|Any CPU.ActiveCfg = Release|Any CPU
		{315C02C1-CC37-41D9-AB8F-3A55FAFDDE5D}.Release|Any CPU.Build.0 = Release|Any CPU
		{B4B03380-8B65-43E0-A625-9B6FEB8C369A}.Debug|Any CPU.ActiveCfg = Debug|Any CPU
		{B4B03380-8B65-43E0-A625-9B6FEB8C369A}.Debug|Any CPU.Build.0 = Debug|Any CPU
		{B4B03380-8B65-43E0-A625-9B6FEB8C369A}.Release|Any CPU.ActiveCfg = Release|Any CPU
		{B4B03380-8B65-43E0-A625-9B6FEB8C369A}.Release|Any CPU.Build.0 = Release|Any CPU
		{A5A3ABFE-C94C-4AF4-99F1-F1838C2B1101}.Debug|Any CPU.ActiveCfg = Debug|Any CPU
		{A5A3ABFE-C94C-4AF4-99F1-F1838C2B1101}.Debug|Any CPU.Build.0 = Debug|Any CPU
		{A5A3ABFE-C94C-4AF4-99F1-F1838C2B1101}.Release|Any CPU.ActiveCfg = Release|Any CPU
		{A5A3ABFE-C94C-4AF4-99F1-F1838C2B1101}.Release|Any CPU.Build.0 = Release|Any CPU
		{8B8172FE-8CDA-4E7E-A245-001ED7BE9D89}.Debug|Any CPU.ActiveCfg = Debug|Any CPU
		{8B8172FE-8CDA-4E7E-A245-001ED7BE9D89}.Debug|Any CPU.Build.0 = Debug|Any CPU
		{8B8172FE-8CDA-4E7E-A245-001ED7BE9D89}.Release|Any CPU.ActiveCfg = Release|Any CPU
		{8B8172FE-8CDA-4E7E-A245-001ED7BE9D89}.Release|Any CPU.Build.0 = Release|Any CPU
	EndGlobalSection
	GlobalSection(SolutionProperties) = preSolution
		HideSolutionNode = FALSE
	EndGlobalSection
	GlobalSection(ExtensibilityGlobals) = postSolution
		SolutionGuid = {2A17436B-74F5-4757-97A3-C2A462D0934E}
	EndGlobalSection
EndGlobal
