
Microsoft Visual Studio Solution File, Format Version 12.00
# Visual Studio Version 17
VisualStudioVersion = 17.10.35122.118
MinimumVisualStudioVersion = 10.0.40219.1
Project("{FAE04EC0-301F-11D3-BF4B-00C04F79EFBC}") = "miPrimerApp", "miPrimerApp\miPrimerApp.csproj", "{315C02C1-CC37-41D9-AB8F-3A55FAFDDE5D}"
EndProject
Global
	GlobalSection(SolutionConfigurationPlatforms) = preSolution
		Debug|Any CPU = Debug|Any CPU
		Release|Any CPU = Release|Any CPU
	EndGlobalSection
	GlobalSection(ProjectConfigurationPlatforms) = postSolution
		{315C02C1-CC37-41D9-AB8F-3A55FAFDDE5D}.Debug|Any CPU.ActiveCfg = Debug|Any CPU
		{315C02C1-CC37-41D9-AB8F-3A55FAFDDE5D}.Debug|Any CPU.Build.0 = Debug|Any CPU
		{315C02C1-CC37-41D9-AB8F-3A55FAFDDE5D}.Release|Any CPU.ActiveCfg = Release|Any CPU
		{315C02C1-CC37-41D9-AB8F-3A55FAFDDE5D}.Release|Any CPU.Build.0 = Release|Any CPU
	EndGlobalSection
	GlobalSection(SolutionProperties) = preSolution
		HideSolutionNode = FALSE
	EndGlobalSection
	GlobalSection(ExtensibilityGlobals) = postSolution
		SolutionGuid = {2A17436B-74F5-4757-97A3-C2A462D0934E}
	EndGlobalSection
EndGlobal
